// !$*UTF8*$!
{
	archiveVersion = 1;
	classes = {
	};
	objectVersion = 51;
	objects = {

/* Begin PBXBuildFile section */
		2BF166BF7FC149D86FCD8BF3 /* Pods_TV_Shows.framework in Frameworks */ = {isa = PBXBuildFile; fileRef = 7B7C7E9A1EBD1EC0C955E16B /* Pods_TV_Shows.framework */; };
		E8146CD726975F410035639A /* AppDelegate.swift in Sources */ = {isa = PBXBuildFile; fileRef = E8146CD626975F410035639A /* AppDelegate.swift */; };
		E8146CE026975F420035639A /* Assets.xcassets in Resources */ = {isa = PBXBuildFile; fileRef = E8146CDF26975F420035639A /* Assets.xcassets */; };
		E8146CE326975F420035639A /* LaunchScreen.storyboard in Resources */ = {isa = PBXBuildFile; fileRef = E8146CE126975F420035639A /* LaunchScreen.storyboard */; };
		E83F281926A74AB2004B4D29 /* ShowsViewController.swift in Sources */ = {isa = PBXBuildFile; fileRef = E83F281826A74AB2004B4D29 /* ShowsViewController.swift */; };
		E83F281B26A808C3004B4D29 /* APIManager.swift in Sources */ = {isa = PBXBuildFile; fileRef = E83F281A26A808C3004B4D29 /* APIManager.swift */; };
		E83F283F26A998F6004B4D29 /* User.swift in Sources */ = {isa = PBXBuildFile; fileRef = E83F283E26A998F6004B4D29 /* User.swift */; };
		E859610526B83A2D0040B7CB /* KeychainManager.swift in Sources */ = {isa = PBXBuildFile; fileRef = E859610426B83A2D0040B7CB /* KeychainManager.swift */; };
		E859610826B893180040B7CB /* AccountViewController.swift in Sources */ = {isa = PBXBuildFile; fileRef = E859610726B893180040B7CB /* AccountViewController.swift */; };
		E859610A26B893280040B7CB /* Account.storyboard in Resources */ = {isa = PBXBuildFile; fileRef = E859610926B893280040B7CB /* Account.storyboard */; };
		E88FCF89269B4B56008BC4D0 /* Login.storyboard in Resources */ = {isa = PBXBuildFile; fileRef = E88FCF88269B4B56008BC4D0 /* Login.storyboard */; };
		E88FCF8B269B4B89008BC4D0 /* LoginViewController.swift in Sources */ = {isa = PBXBuildFile; fileRef = E88FCF8A269B4B89008BC4D0 /* LoginViewController.swift */; };
		E8BE280C26B57D0A00636917 /* ProgressReporting.swift in Sources */ = {isa = PBXBuildFile; fileRef = E8BE280B26B57D0A00636917 /* ProgressReporting.swift */; };
		E8BE280E26B57D1A00636917 /* Progress.swift in Sources */ = {isa = PBXBuildFile; fileRef = E8BE280D26B57D1A00636917 /* Progress.swift */; };
		E8BE281A26B5A27E00636917 /* ShowDetails.storyboard in Resources */ = {isa = PBXBuildFile; fileRef = E8BE281926B5A27E00636917 /* ShowDetails.storyboard */; };
		E8BE281C26B5A50D00636917 /* ShowReview.storyboard in Resources */ = {isa = PBXBuildFile; fileRef = E8BE281B26B5A50D00636917 /* ShowReview.storyboard */; };
		E8D4B2FA26AF0CDE00022343 /* Shows.storyboard in Resources */ = {isa = PBXBuildFile; fileRef = E8D4B2F926AF0CDE00022343 /* Shows.storyboard */; };
		E8D4B2FD26AF162C00022343 /* UserData.swift in Sources */ = {isa = PBXBuildFile; fileRef = E8D4B2FC26AF162C00022343 /* UserData.swift */; };
		E8D4B2FF26AFFA2800022343 /* Show.swift in Sources */ = {isa = PBXBuildFile; fileRef = E8D4B2FE26AFFA2800022343 /* Show.swift */; };
		E8D4B30226AFFC4900022343 /* ShowTableViewCell.swift in Sources */ = {isa = PBXBuildFile; fileRef = E8D4B30126AFFC4900022343 /* ShowTableViewCell.swift */; };
		E8D4B30426B01EDD00022343 /* ShowDetailsViewController.swift in Sources */ = {isa = PBXBuildFile; fileRef = E8D4B30326B01EDD00022343 /* ShowDetailsViewController.swift */; };
		E8D4B30626B055EE00022343 /* ShowDescriptionTableViewCell.swift in Sources */ = {isa = PBXBuildFile; fileRef = E8D4B30526B055EE00022343 /* ShowDescriptionTableViewCell.swift */; };
		E8D4B30826B055FB00022343 /* ShowReviewTableViewCell.swift in Sources */ = {isa = PBXBuildFile; fileRef = E8D4B30726B055FB00022343 /* ShowReviewTableViewCell.swift */; };
		E8D4B30A26B0C0D000022343 /* Review.swift in Sources */ = {isa = PBXBuildFile; fileRef = E8D4B30926B0C0D000022343 /* Review.swift */; };
		E8D4B30C26B32D3100022343 /* ShowReviewsViewController.swift in Sources */ = {isa = PBXBuildFile; fileRef = E8D4B30B26B32D3100022343 /* ShowReviewsViewController.swift */; };
/* End PBXBuildFile section */

/* Begin PBXFileReference section */
		7B7C7E9A1EBD1EC0C955E16B /* Pods_TV_Shows.framework */ = {isa = PBXFileReference; explicitFileType = wrapper.framework; includeInIndex = 0; path = Pods_TV_Shows.framework; sourceTree = BUILT_PRODUCTS_DIR; };
		D7C885DF2709A10D505EB60E /* Pods-TV Shows.debug.xcconfig */ = {isa = PBXFileReference; includeInIndex = 1; lastKnownFileType = text.xcconfig; name = "Pods-TV Shows.debug.xcconfig"; path = "Target Support Files/Pods-TV Shows/Pods-TV Shows.debug.xcconfig"; sourceTree = "<group>"; };
		E8146CD326975F410035639A /* TV Shows.app */ = {isa = PBXFileReference; explicitFileType = wrapper.application; includeInIndex = 0; path = "TV Shows.app"; sourceTree = BUILT_PRODUCTS_DIR; };
		E8146CD626975F410035639A /* AppDelegate.swift */ = {isa = PBXFileReference; lastKnownFileType = sourcecode.swift; path = AppDelegate.swift; sourceTree = "<group>"; };
		E8146CDF26975F420035639A /* Assets.xcassets */ = {isa = PBXFileReference; lastKnownFileType = folder.assetcatalog; path = Assets.xcassets; sourceTree = "<group>"; };
		E8146CE226975F420035639A /* Base */ = {isa = PBXFileReference; lastKnownFileType = file.storyboard; name = Base; path = Base.lproj/LaunchScreen.storyboard; sourceTree = "<group>"; };
		E8146CE426975F420035639A /* Info.plist */ = {isa = PBXFileReference; lastKnownFileType = text.plist.xml; path = Info.plist; sourceTree = "<group>"; };
		E83F281826A74AB2004B4D29 /* ShowsViewController.swift */ = {isa = PBXFileReference; lastKnownFileType = sourcecode.swift; path = ShowsViewController.swift; sourceTree = "<group>"; };
		E83F281A26A808C3004B4D29 /* APIManager.swift */ = {isa = PBXFileReference; lastKnownFileType = sourcecode.swift; path = APIManager.swift; sourceTree = "<group>"; };
		E83F283E26A998F6004B4D29 /* User.swift */ = {isa = PBXFileReference; lastKnownFileType = sourcecode.swift; path = User.swift; sourceTree = "<group>"; };
		E859610426B83A2D0040B7CB /* KeychainManager.swift */ = {isa = PBXFileReference; lastKnownFileType = sourcecode.swift; path = KeychainManager.swift; sourceTree = "<group>"; };
		E859610726B893180040B7CB /* AccountViewController.swift */ = {isa = PBXFileReference; lastKnownFileType = sourcecode.swift; path = AccountViewController.swift; sourceTree = "<group>"; };
		E859610926B893280040B7CB /* Account.storyboard */ = {isa = PBXFileReference; lastKnownFileType = file.storyboard; path = Account.storyboard; sourceTree = "<group>"; };
		E88FCF88269B4B56008BC4D0 /* Login.storyboard */ = {isa = PBXFileReference; lastKnownFileType = file.storyboard; path = Login.storyboard; sourceTree = "<group>"; };
		E88FCF8A269B4B89008BC4D0 /* LoginViewController.swift */ = {isa = PBXFileReference; lastKnownFileType = sourcecode.swift; path = LoginViewController.swift; sourceTree = "<group>"; };
		E8BE280B26B57D0A00636917 /* ProgressReporting.swift */ = {isa = PBXFileReference; lastKnownFileType = sourcecode.swift; path = ProgressReporting.swift; sourceTree = "<group>"; };
		E8BE280D26B57D1A00636917 /* Progress.swift */ = {isa = PBXFileReference; lastKnownFileType = sourcecode.swift; path = Progress.swift; sourceTree = "<group>"; };
		E8BE281926B5A27E00636917 /* ShowDetails.storyboard */ = {isa = PBXFileReference; lastKnownFileType = file.storyboard; path = ShowDetails.storyboard; sourceTree = "<group>"; };
		E8BE281B26B5A50D00636917 /* ShowReview.storyboard */ = {isa = PBXFileReference; lastKnownFileType = file.storyboard; path = ShowReview.storyboard; sourceTree = "<group>"; };
		E8D4B2F926AF0CDE00022343 /* Shows.storyboard */ = {isa = PBXFileReference; lastKnownFileType = file.storyboard; path = Shows.storyboard; sourceTree = "<group>"; };
		E8D4B2FC26AF162C00022343 /* UserData.swift */ = {isa = PBXFileReference; lastKnownFileType = sourcecode.swift; path = UserData.swift; sourceTree = "<group>"; };
		E8D4B2FE26AFFA2800022343 /* Show.swift */ = {isa = PBXFileReference; lastKnownFileType = sourcecode.swift; path = Show.swift; sourceTree = "<group>"; };
		E8D4B30126AFFC4900022343 /* ShowTableViewCell.swift */ = {isa = PBXFileReference; lastKnownFileType = sourcecode.swift; path = ShowTableViewCell.swift; sourceTree = "<group>"; };
		E8D4B30326B01EDD00022343 /* ShowDetailsViewController.swift */ = {isa = PBXFileReference; lastKnownFileType = sourcecode.swift; path = ShowDetailsViewController.swift; sourceTree = "<group>"; };
		E8D4B30526B055EE00022343 /* ShowDescriptionTableViewCell.swift */ = {isa = PBXFileReference; lastKnownFileType = sourcecode.swift; path = ShowDescriptionTableViewCell.swift; sourceTree = "<group>"; };
		E8D4B30726B055FB00022343 /* ShowReviewTableViewCell.swift */ = {isa = PBXFileReference; lastKnownFileType = sourcecode.swift; path = ShowReviewTableViewCell.swift; sourceTree = "<group>"; };
		E8D4B30926B0C0D000022343 /* Review.swift */ = {isa = PBXFileReference; lastKnownFileType = sourcecode.swift; path = Review.swift; sourceTree = "<group>"; };
		E8D4B30B26B32D3100022343 /* ShowReviewsViewController.swift */ = {isa = PBXFileReference; lastKnownFileType = sourcecode.swift; path = ShowReviewsViewController.swift; sourceTree = "<group>"; };
		FC899D6C51FE57ECAC8C38AB /* Pods-TV Shows.release.xcconfig */ = {isa = PBXFileReference; includeInIndex = 1; lastKnownFileType = text.xcconfig; name = "Pods-TV Shows.release.xcconfig"; path = "Target Support Files/Pods-TV Shows/Pods-TV Shows.release.xcconfig"; sourceTree = "<group>"; };
/* End PBXFileReference section */

/* Begin PBXFrameworksBuildPhase section */
		E8146CD026975F410035639A /* Frameworks */ = {
			isa = PBXFrameworksBuildPhase;
			buildActionMask = 2147483647;
			files = (
				2BF166BF7FC149D86FCD8BF3 /* Pods_TV_Shows.framework in Frameworks */,
			);
			runOnlyForDeploymentPostprocessing = 0;
		};
/* End PBXFrameworksBuildPhase section */

/* Begin PBXGroup section */
		5EB41A4DF7E0D3D13619C063 /* Frameworks */ = {
			isa = PBXGroup;
			children = (
				7B7C7E9A1EBD1EC0C955E16B /* Pods_TV_Shows.framework */,
			);
			name = Frameworks;
			sourceTree = "<group>";
		};
		8377B04B2F30B428498FEFBE /* Pods */ = {
			isa = PBXGroup;
			children = (
				D7C885DF2709A10D505EB60E /* Pods-TV Shows.debug.xcconfig */,
				FC899D6C51FE57ECAC8C38AB /* Pods-TV Shows.release.xcconfig */,
			);
			path = Pods;
			sourceTree = "<group>";
		};
		E8146CCA26975F410035639A = {
			isa = PBXGroup;
			children = (
				E8BE280326B56BDA00636917 /* Modules */,
				E8146CD526975F410035639A /* TV Shows */,
				E8146CD426975F410035639A /* Products */,
				8377B04B2F30B428498FEFBE /* Pods */,
				5EB41A4DF7E0D3D13619C063 /* Frameworks */,
			);
			sourceTree = "<group>";
		};
		E8146CD426975F410035639A /* Products */ = {
			isa = PBXGroup;
			children = (
				E8146CD326975F410035639A /* TV Shows.app */,
			);
			name = Products;
			sourceTree = "<group>";
		};
		E8146CD526975F410035639A /* TV Shows */ = {
			isa = PBXGroup;
			children = (
				E8BE280826B57BB900636917 /* Tools */,
				E8D4B2FB26AF162000022343 /* Data */,
				E83F283D26A87B63004B4D29 /* Model */,
				E83F283C26A8754D004B4D29 /* Networking */,
				E83F281526A74A6E004B4D29 /* Application */,
				E83F281426A74A53004B4D29 /* Resources */,
			);
			path = "TV Shows";
			sourceTree = "<group>";
		};
		E83F281326A74A47004B4D29 /* Shows */ = {
			isa = PBXGroup;
			children = (
				E8D4B30026AFFC4000022343 /* Cells */,
				E83F281826A74AB2004B4D29 /* ShowsViewController.swift */,
				E8D4B2F926AF0CDE00022343 /* Shows.storyboard */,
			);
			path = Shows;
			sourceTree = "<group>";
		};
		E83F281426A74A53004B4D29 /* Resources */ = {
			isa = PBXGroup;
			children = (
				E8146CDF26975F420035639A /* Assets.xcassets */,
				E8146CE426975F420035639A /* Info.plist */,
				E8146CE126975F420035639A /* LaunchScreen.storyboard */,
			);
			path = Resources;
			sourceTree = "<group>";
		};
		E83F281526A74A6E004B4D29 /* Application */ = {
			isa = PBXGroup;
			children = (
				E8146CD626975F410035639A /* AppDelegate.swift */,
			);
			path = Application;
			sourceTree = "<group>";
		};
		E83F283C26A8754D004B4D29 /* Networking */ = {
			isa = PBXGroup;
			children = (
				E83F281A26A808C3004B4D29 /* APIManager.swift */,
			);
			path = Networking;
			sourceTree = "<group>";
		};
		E83F283D26A87B63004B4D29 /* Model */ = {
			isa = PBXGroup;
			children = (
				E83F283E26A998F6004B4D29 /* User.swift */,
				E8D4B2FE26AFFA2800022343 /* Show.swift */,
				E8D4B30926B0C0D000022343 /* Review.swift */,
			);
			path = Model;
			sourceTree = "<group>";
		};
		E859610626B893030040B7CB /* Account */ = {
			isa = PBXGroup;
			children = (
				E859610726B893180040B7CB /* AccountViewController.swift */,
				E859610926B893280040B7CB /* Account.storyboard */,
			);
			path = Account;
			sourceTree = "<group>";
		};
		E88FCF87269B4AF4008BC4D0 /* Login */ = {
			isa = PBXGroup;
			children = (
				E88FCF88269B4B56008BC4D0 /* Login.storyboard */,
				E88FCF8A269B4B89008BC4D0 /* LoginViewController.swift */,
			);
			path = Login;
			sourceTree = "<group>";
		};
		E8BE280326B56BDA00636917 /* Modules */ = {
			isa = PBXGroup;
			children = (
				E859610626B893030040B7CB /* Account */,
				E8BE280526B56BF400636917 /* ShowReview */,
				E8BE280426B56BEA00636917 /* ShowDetails */,
				E83F281326A74A47004B4D29 /* Shows */,
				E88FCF87269B4AF4008BC4D0 /* Login */,
			);
			path = Modules;
			sourceTree = "<group>";
		};
		E8BE280426B56BEA00636917 /* ShowDetails */ = {
			isa = PBXGroup;
			children = (
				E8BE280726B5715700636917 /* Cells */,
				E8D4B30326B01EDD00022343 /* ShowDetailsViewController.swift */,
				E8BE281926B5A27E00636917 /* ShowDetails.storyboard */,
			);
			path = ShowDetails;
			sourceTree = "<group>";
		};
		E8BE280526B56BF400636917 /* ShowReview */ = {
			isa = PBXGroup;
			children = (
				E8D4B30B26B32D3100022343 /* ShowReviewsViewController.swift */,
				E8BE281B26B5A50D00636917 /* ShowReview.storyboard */,
			);
			path = ShowReview;
			sourceTree = "<group>";
		};
		E8BE280726B5715700636917 /* Cells */ = {
			isa = PBXGroup;
			children = (
				E8D4B30726B055FB00022343 /* ShowReviewTableViewCell.swift */,
				E8D4B30526B055EE00022343 /* ShowDescriptionTableViewCell.swift */,
			);
			path = Cells;
			sourceTree = "<group>";
		};
		E8BE280826B57BB900636917 /* Tools */ = {
			isa = PBXGroup;
			children = (
				E8BE280B26B57D0A00636917 /* ProgressReporting.swift */,
				E8BE280D26B57D1A00636917 /* Progress.swift */,
				E859610426B83A2D0040B7CB /* KeychainManager.swift */,
			);
			path = Tools;
			sourceTree = "<group>";
		};
		E8D4B2FB26AF162000022343 /* Data */ = {
			isa = PBXGroup;
			children = (
				E8D4B2FC26AF162C00022343 /* UserData.swift */,
			);
			path = Data;
			sourceTree = "<group>";
		};
		E8D4B30026AFFC4000022343 /* Cells */ = {
			isa = PBXGroup;
			children = (
				E8D4B30126AFFC4900022343 /* ShowTableViewCell.swift */,
			);
			path = Cells;
			sourceTree = "<group>";
		};
/* End PBXGroup section */

/* Begin PBXNativeTarget section */
		E8146CD226975F410035639A /* TV Shows */ = {
			isa = PBXNativeTarget;
			buildConfigurationList = E8146CE726975F420035639A /* Build configuration list for PBXNativeTarget "TV Shows" */;
			buildPhases = (
				C31A4E6663A5DAE54A8133CE /* [CP] Check Pods Manifest.lock */,
				E8146CCF26975F410035639A /* Sources */,
				E8146CD026975F410035639A /* Frameworks */,
				E8146CD126975F410035639A /* Resources */,
				17655B456EB53BB58E74EBF0 /* [CP] Embed Pods Frameworks */,
			);
			buildRules = (
			);
			dependencies = (
			);
			name = "TV Shows";
			productName = TVShows;
			productReference = E8146CD326975F410035639A /* TV Shows.app */;
			productType = "com.apple.product-type.application";
		};
/* End PBXNativeTarget section */

/* Begin PBXProject section */
		E8146CCB26975F410035639A /* Project object */ = {
			isa = PBXProject;
			attributes = {
				LastSwiftUpdateCheck = 1240;
				LastUpgradeCheck = 1240;
				TargetAttributes = {
					E8146CD226975F410035639A = {
						CreatedOnToolsVersion = 12.4;
					};
				};
			};
			buildConfigurationList = E8146CCE26975F410035639A /* Build configuration list for PBXProject "TV Shows" */;
			compatibilityVersion = "Xcode 9.3";
			developmentRegion = en;
			hasScannedForEncodings = 0;
			knownRegions = (
				en,
				Base,
			);
			mainGroup = E8146CCA26975F410035639A;
			productRefGroup = E8146CD426975F410035639A /* Products */;
			projectDirPath = "";
			projectRoot = "";
			targets = (
				E8146CD226975F410035639A /* TV Shows */,
			);
		};
/* End PBXProject section */

/* Begin PBXResourcesBuildPhase section */
		E8146CD126975F410035639A /* Resources */ = {
			isa = PBXResourcesBuildPhase;
			buildActionMask = 2147483647;
			files = (
				E8146CE326975F420035639A /* LaunchScreen.storyboard in Resources */,
				E8146CE026975F420035639A /* Assets.xcassets in Resources */,
				E88FCF89269B4B56008BC4D0 /* Login.storyboard in Resources */,
				E8BE281C26B5A50D00636917 /* ShowReview.storyboard in Resources */,
				E8BE281A26B5A27E00636917 /* ShowDetails.storyboard in Resources */,
				E8D4B2FA26AF0CDE00022343 /* Shows.storyboard in Resources */,
				E859610A26B893280040B7CB /* Account.storyboard in Resources */,
			);
			runOnlyForDeploymentPostprocessing = 0;
		};
/* End PBXResourcesBuildPhase section */

/* Begin PBXShellScriptBuildPhase section */
		17655B456EB53BB58E74EBF0 /* [CP] Embed Pods Frameworks */ = {
			isa = PBXShellScriptBuildPhase;
			buildActionMask = 2147483647;
			files = (
			);
			inputFileListPaths = (
				"${PODS_ROOT}/Target Support Files/Pods-TV Shows/Pods-TV Shows-frameworks-${CONFIGURATION}-input-files.xcfilelist",
			);
			name = "[CP] Embed Pods Frameworks";
			outputFileListPaths = (
				"${PODS_ROOT}/Target Support Files/Pods-TV Shows/Pods-TV Shows-frameworks-${CONFIGURATION}-output-files.xcfilelist",
			);
			runOnlyForDeploymentPostprocessing = 0;
			shellPath = /bin/sh;
			shellScript = "\"${PODS_ROOT}/Target Support Files/Pods-TV Shows/Pods-TV Shows-frameworks.sh\"\n";
			showEnvVarsInLog = 0;
		};
		C31A4E6663A5DAE54A8133CE /* [CP] Check Pods Manifest.lock */ = {
			isa = PBXShellScriptBuildPhase;
			buildActionMask = 2147483647;
			files = (
			);
			inputFileListPaths = (
			);
			inputPaths = (
				"${PODS_PODFILE_DIR_PATH}/Podfile.lock",
				"${PODS_ROOT}/Manifest.lock",
			);
			name = "[CP] Check Pods Manifest.lock";
			outputFileListPaths = (
			);
			outputPaths = (
				"$(DERIVED_FILE_DIR)/Pods-TV Shows-checkManifestLockResult.txt",
			);
			runOnlyForDeploymentPostprocessing = 0;
			shellPath = /bin/sh;
			shellScript = "diff \"${PODS_PODFILE_DIR_PATH}/Podfile.lock\" \"${PODS_ROOT}/Manifest.lock\" > /dev/null\nif [ $? != 0 ] ; then\n    # print error to STDERR\n    echo \"error: The sandbox is not in sync with the Podfile.lock. Run 'pod install' or update your CocoaPods installation.\" >&2\n    exit 1\nfi\n# This output is used by Xcode 'outputs' to avoid re-running this script phase.\necho \"SUCCESS\" > \"${SCRIPT_OUTPUT_FILE_0}\"\n";
			showEnvVarsInLog = 0;
		};
/* End PBXShellScriptBuildPhase section */

/* Begin PBXSourcesBuildPhase section */
		E8146CCF26975F410035639A /* Sources */ = {
			isa = PBXSourcesBuildPhase;
			buildActionMask = 2147483647;
			files = (
				E8D4B2FD26AF162C00022343 /* UserData.swift in Sources */,
				E83F281B26A808C3004B4D29 /* APIManager.swift in Sources */,
				E8D4B30226AFFC4900022343 /* ShowTableViewCell.swift in Sources */,
				E88FCF8B269B4B89008BC4D0 /* LoginViewController.swift in Sources */,
				E8146CD726975F410035639A /* AppDelegate.swift in Sources */,
				E8D4B30A26B0C0D000022343 /* Review.swift in Sources */,
				E8BE280E26B57D1A00636917 /* Progress.swift in Sources */,
				E859610526B83A2D0040B7CB /* KeychainManager.swift in Sources */,
				E859610826B893180040B7CB /* AccountViewController.swift in Sources */,
				E8D4B2FF26AFFA2800022343 /* Show.swift in Sources */,
				E8BE280C26B57D0A00636917 /* ProgressReporting.swift in Sources */,
				E8D4B30826B055FB00022343 /* ShowReviewTableViewCell.swift in Sources */,
				E8D4B30626B055EE00022343 /* ShowDescriptionTableViewCell.swift in Sources */,
				E83F283F26A998F6004B4D29 /* User.swift in Sources */,
				E8D4B30C26B32D3100022343 /* ShowReviewsViewController.swift in Sources */,
				E8D4B30426B01EDD00022343 /* ShowDetailsViewController.swift in Sources */,
				E83F281926A74AB2004B4D29 /* ShowsViewController.swift in Sources */,
			);
			runOnlyForDeploymentPostprocessing = 0;
		};
/* End PBXSourcesBuildPhase section */

/* Begin PBXVariantGroup section */
		E8146CE126975F420035639A /* LaunchScreen.storyboard */ = {
			isa = PBXVariantGroup;
			children = (
				E8146CE226975F420035639A /* Base */,
			);
			name = LaunchScreen.storyboard;
			sourceTree = "<group>";
		};
/* End PBXVariantGroup section */

/* Begin XCBuildConfiguration section */
		E8146CE526975F420035639A /* Debug */ = {
			isa = XCBuildConfiguration;
			buildSettings = {
				ALWAYS_SEARCH_USER_PATHS = NO;
				CLANG_ANALYZER_NONNULL = YES;
				CLANG_ANALYZER_NUMBER_OBJECT_CONVERSION = YES_AGGRESSIVE;
				CLANG_CXX_LANGUAGE_STANDARD = "gnu++14";
				CLANG_CXX_LIBRARY = "libc++";
				CLANG_ENABLE_MODULES = YES;
				CLANG_ENABLE_OBJC_ARC = YES;
				CLANG_ENABLE_OBJC_WEAK = YES;
				CLANG_WARN_BLOCK_CAPTURE_AUTORELEASING = YES;
				CLANG_WARN_BOOL_CONVERSION = YES;
				CLANG_WARN_COMMA = YES;
				CLANG_WARN_CONSTANT_CONVERSION = YES;
				CLANG_WARN_DEPRECATED_OBJC_IMPLEMENTATIONS = YES;
				CLANG_WARN_DIRECT_OBJC_ISA_USAGE = YES_ERROR;
				CLANG_WARN_DOCUMENTATION_COMMENTS = YES;
				CLANG_WARN_EMPTY_BODY = YES;
				CLANG_WARN_ENUM_CONVERSION = YES;
				CLANG_WARN_INFINITE_RECURSION = YES;
				CLANG_WARN_INT_CONVERSION = YES;
				CLANG_WARN_NON_LITERAL_NULL_CONVERSION = YES;
				CLANG_WARN_OBJC_IMPLICIT_RETAIN_SELF = YES;
				CLANG_WARN_OBJC_LITERAL_CONVERSION = YES;
				CLANG_WARN_OBJC_ROOT_CLASS = YES_ERROR;
				CLANG_WARN_QUOTED_INCLUDE_IN_FRAMEWORK_HEADER = YES;
				CLANG_WARN_RANGE_LOOP_ANALYSIS = YES;
				CLANG_WARN_STRICT_PROTOTYPES = YES;
				CLANG_WARN_SUSPICIOUS_MOVE = YES;
				CLANG_WARN_UNGUARDED_AVAILABILITY = YES_AGGRESSIVE;
				CLANG_WARN_UNREACHABLE_CODE = YES;
				CLANG_WARN__DUPLICATE_METHOD_MATCH = YES;
				COPY_PHASE_STRIP = NO;
				DEBUG_INFORMATION_FORMAT = dwarf;
				ENABLE_STRICT_OBJC_MSGSEND = YES;
				ENABLE_TESTABILITY = YES;
				GCC_C_LANGUAGE_STANDARD = gnu11;
				GCC_DYNAMIC_NO_PIC = NO;
				GCC_NO_COMMON_BLOCKS = YES;
				GCC_OPTIMIZATION_LEVEL = 0;
				GCC_PREPROCESSOR_DEFINITIONS = (
					"DEBUG=1",
					"$(inherited)",
				);
				GCC_WARN_64_TO_32_BIT_CONVERSION = YES;
				GCC_WARN_ABOUT_RETURN_TYPE = YES_ERROR;
				GCC_WARN_UNDECLARED_SELECTOR = YES;
				GCC_WARN_UNINITIALIZED_AUTOS = YES_AGGRESSIVE;
				GCC_WARN_UNUSED_FUNCTION = YES;
				GCC_WARN_UNUSED_VARIABLE = YES;
				IPHONEOS_DEPLOYMENT_TARGET = 12.1;
				MTL_ENABLE_DEBUG_INFO = INCLUDE_SOURCE;
				MTL_FAST_MATH = YES;
				ONLY_ACTIVE_ARCH = YES;
				SDKROOT = iphoneos;
				SWIFT_ACTIVE_COMPILATION_CONDITIONS = DEBUG;
				SWIFT_OPTIMIZATION_LEVEL = "-Onone";
			};
			name = Debug;
		};
		E8146CE626975F420035639A /* Release */ = {
			isa = XCBuildConfiguration;
			buildSettings = {
				ALWAYS_SEARCH_USER_PATHS = NO;
				CLANG_ANALYZER_NONNULL = YES;
				CLANG_ANALYZER_NUMBER_OBJECT_CONVERSION = YES_AGGRESSIVE;
				CLANG_CXX_LANGUAGE_STANDARD = "gnu++14";
				CLANG_CXX_LIBRARY = "libc++";
				CLANG_ENABLE_MODULES = YES;
				CLANG_ENABLE_OBJC_ARC = YES;
				CLANG_ENABLE_OBJC_WEAK = YES;
				CLANG_WARN_BLOCK_CAPTURE_AUTORELEASING = YES;
				CLANG_WARN_BOOL_CONVERSION = YES;
				CLANG_WARN_COMMA = YES;
				CLANG_WARN_CONSTANT_CONVERSION = YES;
				CLANG_WARN_DEPRECATED_OBJC_IMPLEMENTATIONS = YES;
				CLANG_WARN_DIRECT_OBJC_ISA_USAGE = YES_ERROR;
				CLANG_WARN_DOCUMENTATION_COMMENTS = YES;
				CLANG_WARN_EMPTY_BODY = YES;
				CLANG_WARN_ENUM_CONVERSION = YES;
				CLANG_WARN_INFINITE_RECURSION = YES;
				CLANG_WARN_INT_CONVERSION = YES;
				CLANG_WARN_NON_LITERAL_NULL_CONVERSION = YES;
				CLANG_WARN_OBJC_IMPLICIT_RETAIN_SELF = YES;
				CLANG_WARN_OBJC_LITERAL_CONVERSION = YES;
				CLANG_WARN_OBJC_ROOT_CLASS = YES_ERROR;
				CLANG_WARN_QUOTED_INCLUDE_IN_FRAMEWORK_HEADER = YES;
				CLANG_WARN_RANGE_LOOP_ANALYSIS = YES;
				CLANG_WARN_STRICT_PROTOTYPES = YES;
				CLANG_WARN_SUSPICIOUS_MOVE = YES;
				CLANG_WARN_UNGUARDED_AVAILABILITY = YES_AGGRESSIVE;
				CLANG_WARN_UNREACHABLE_CODE = YES;
				CLANG_WARN__DUPLICATE_METHOD_MATCH = YES;
				COPY_PHASE_STRIP = NO;
				DEBUG_INFORMATION_FORMAT = "dwarf-with-dsym";
				ENABLE_NS_ASSERTIONS = NO;
				ENABLE_STRICT_OBJC_MSGSEND = YES;
				GCC_C_LANGUAGE_STANDARD = gnu11;
				GCC_NO_COMMON_BLOCKS = YES;
				GCC_WARN_64_TO_32_BIT_CONVERSION = YES;
				GCC_WARN_ABOUT_RETURN_TYPE = YES_ERROR;
				GCC_WARN_UNDECLARED_SELECTOR = YES;
				GCC_WARN_UNINITIALIZED_AUTOS = YES_AGGRESSIVE;
				GCC_WARN_UNUSED_FUNCTION = YES;
				GCC_WARN_UNUSED_VARIABLE = YES;
				IPHONEOS_DEPLOYMENT_TARGET = 12.1;
				MTL_ENABLE_DEBUG_INFO = NO;
				MTL_FAST_MATH = YES;
				SDKROOT = iphoneos;
				SWIFT_COMPILATION_MODE = wholemodule;
				SWIFT_OPTIMIZATION_LEVEL = "-O";
				VALIDATE_PRODUCT = YES;
			};
			name = Release;
		};
		E8146CE826975F420035639A /* Debug */ = {
			isa = XCBuildConfiguration;
			baseConfigurationReference = D7C885DF2709A10D505EB60E /* Pods-TV Shows.debug.xcconfig */;
			buildSettings = {
				ASSETCATALOG_COMPILER_APPICON_NAME = AppIcon;
				ASSETCATALOG_COMPILER_GLOBAL_ACCENT_COLOR_NAME = AccentColor;
				CODE_SIGN_STYLE = Automatic;
				DEVELOPMENT_TEAM = 2H6UDJ3P4F;
				INFOPLIST_FILE = "TV Shows/Resources/Info.plist";
				IPHONEOS_DEPLOYMENT_TARGET = 12.1;
				LD_RUNPATH_SEARCH_PATHS = (
					"$(inherited)",
					"@executable_path/Frameworks",
				);
				PRODUCT_BUNDLE_IDENTIFIER = "mbarosevic.TV-Shows";
				PRODUCT_NAME = "$(TARGET_NAME)";
				SWIFT_VERSION = 5.0;
				TARGETED_DEVICE_FAMILY = 1;
			};
			name = Debug;
		};
		E8146CE926975F420035639A /* Release */ = {
			isa = XCBuildConfiguration;
			baseConfigurationReference = FC899D6C51FE57ECAC8C38AB /* Pods-TV Shows.release.xcconfig */;
			buildSettings = {
				ASSETCATALOG_COMPILER_APPICON_NAME = AppIcon;
				ASSETCATALOG_COMPILER_GLOBAL_ACCENT_COLOR_NAME = AccentColor;
				CODE_SIGN_STYLE = Automatic;
				DEVELOPMENT_TEAM = 2H6UDJ3P4F;
				INFOPLIST_FILE = "TV Shows/Resources/Info.plist";
				IPHONEOS_DEPLOYMENT_TARGET = 12.1;
				LD_RUNPATH_SEARCH_PATHS = (
					"$(inherited)",
					"@executable_path/Frameworks",
				);
				PRODUCT_BUNDLE_IDENTIFIER = "mbarosevic.TV-Shows";
				PRODUCT_NAME = "$(TARGET_NAME)";
				SWIFT_VERSION = 5.0;
				TARGETED_DEVICE_FAMILY = 1;
			};
			name = Release;
		};
/* End XCBuildConfiguration section */

/* Begin XCConfigurationList section */
		E8146CCE26975F410035639A /* Build configuration list for PBXProject "TV Shows" */ = {
			isa = XCConfigurationList;
			buildConfigurations = (
				E8146CE526975F420035639A /* Debug */,
				E8146CE626975F420035639A /* Release */,
			);
			defaultConfigurationIsVisible = 0;
			defaultConfigurationName = Release;
		};
		E8146CE726975F420035639A /* Build configuration list for PBXNativeTarget "TV Shows" */ = {
			isa = XCConfigurationList;
			buildConfigurations = (
				E8146CE826975F420035639A /* Debug */,
				E8146CE926975F420035639A /* Release */,
			);
			defaultConfigurationIsVisible = 0;
			defaultConfigurationName = Release;
		};
/* End XCConfigurationList section */
	};
	rootObject = E8146CCB26975F410035639A /* Project object */;
}
