PODS:
  - Alamofire (5.4.3)
  - SVProgressHUD (2.2.5)

DEPENDENCIES:
  - Alamofire
  - SVProgressHUD

SPEC REPOS:
  trunk:
    - Alamofire
    - SVProgressHUD

SPEC CHECKSUMS:
  Alamofire: e447a2774a40c996748296fa2c55112fdbbc42f9
  SVProgressHUD: 1428aafac632c1f86f62aa4243ec12008d7a51d6

PODFILE CHECKSUM: 98004027f7693883d8953ad96af4def3df48cf3d

COCOAPODS: 1.10.1
